
Microsoft Visual Studio Solution File, Format Version 12.00
# Visual Studio Version 16
VisualStudioVersion = 16.0.30523.141
MinimumVisualStudioVersion = 10.0.40219.1
Project("{FAE04EC0-301F-11D3-BF4B-00C04F79EFBC}") = "HelloWorld", "HelloWorld\HelloWorld.csproj", "{870D68E4-3E96-4657-A784-5979210FBE87}"
EndProject
Global
	GlobalSection(SolutionConfigurationPlatforms) = preSolution
		Debug|Any CPU = Debug|Any CPU
		Release|Any CPU = Release|Any CPU
	EndGlobalSection
	GlobalSection(ProjectConfigurationPlatforms) = postSolution
		{870D68E4-3E96-4657-A784-5979210FBE87}.Debug|Any CPU.ActiveCfg = Debug|Any CPU
		{870D68E4-3E96-4657-A784-5979210FBE87}.Debug|Any CPU.Build.0 = Debug|Any CPU
		{870D68E4-3E96-4657-A784-5979210FBE87}.Release|Any CPU.ActiveCfg = Release|Any CPU
		{870D68E4-3E96-4657-A784-5979210FBE87}.Release|Any CPU.Build.0 = Release|Any CPU
	EndGlobalSection
	GlobalSection(SolutionProperties) = preSolution
		HideSolutionNode = FALSE
	EndGlobalSection
	GlobalSection(ExtensibilityGlobals) = postSolution
		SolutionGuid = {749395C9-8AF0-4ED2-A301-08F3577A0DE0}
	EndGlobalSection
EndGlobal
